
Microsoft Visual Studio Solution File, Format Version 12.00
# Visual Studio 15
VisualStudioVersion = 15.0.27428.2015
MinimumVisualStudioVersion = 10.0.40219.1
Project("{FAE04EC0-301F-11D3-BF4B-00C04F79EFBC}") = "FactoryHeadFirst2", "FactoryHeadFirst2\FactoryHeadFirst2.csproj", "{108DEB00-8A8F-42FA-8C72-9C67C7598F14}"
EndProject
Global
	GlobalSection(SolutionConfigurationPlatforms) = preSolution
		Debug|Any CPU = Debug|Any CPU
		Release|Any CPU = Release|Any CPU
	EndGlobalSection
	GlobalSection(ProjectConfigurationPlatforms) = postSolution
		{108DEB00-8A8F-42FA-8C72-9C67C7598F14}.Debug|Any CPU.ActiveCfg = Debug|Any CPU
		{108DEB00-8A8F-42FA-8C72-9C67C7598F14}.Debug|Any CPU.Build.0 = Debug|Any CPU
		{108DEB00-8A8F-42FA-8C72-9C67C7598F14}.Release|Any CPU.ActiveCfg = Release|Any CPU
		{108DEB00-8A8F-42FA-8C72-9C67C7598F14}.Release|Any CPU.Build.0 = Release|Any CPU
	EndGlobalSection
	GlobalSection(SolutionProperties) = preSolution
		HideSolutionNode = FALSE
	EndGlobalSection
	GlobalSection(ExtensibilityGlobals) = postSolution
		SolutionGuid = {1F4ECD22-4F43-4357-ABD0-3870446DB049}
	EndGlobalSection
EndGlobal
